
Microsoft Visual Studio Solution File, Format Version 12.00
# Visual Studio 15
VisualStudioVersion = 15.0.28307.168
MinimumVisualStudioVersion = 10.0.40219.1
Project("{FAE04EC0-301F-11D3-BF4B-00C04F79EFBC}") = "ClienRamade", "ClienRamade\ClienRamade.csproj", "{CDAB2B3C-D358-49B2-A65D-0F7C10C83B93}"
EndProject
Global
	GlobalSection(SolutionConfigurationPlatforms) = preSolution
		Debug|Any CPU = Debug|Any CPU
		Release|Any CPU = Release|Any CPU
	EndGlobalSection
	GlobalSection(ProjectConfigurationPlatforms) = postSolution
		{CDAB2B3C-D358-49B2-A65D-0F7C10C83B93}.Debug|Any CPU.ActiveCfg = Debug|Any CPU
		{CDAB2B3C-D358-49B2-A65D-0F7C10C83B93}.Debug|Any CPU.Build.0 = Debug|Any CPU
		{CDAB2B3C-D358-49B2-A65D-0F7C10C83B93}.Release|Any CPU.ActiveCfg = Release|Any CPU
		{CDAB2B3C-D358-49B2-A65D-0F7C10C83B93}.Release|Any CPU.Build.0 = Release|Any CPU
	EndGlobalSection
	GlobalSection(SolutionProperties) = preSolution
		HideSolutionNode = FALSE
	EndGlobalSection
	GlobalSection(ExtensibilityGlobals) = postSolution
		SolutionGuid = {65F2B617-C37A-43A5-99F4-7B65DD32910D}
	EndGlobalSection
EndGlobal
